
Microsoft Visual Studio Solution File, Format Version 12.00
# Visual Studio Version 16
VisualStudioVersion = 16.0.31911.196
MinimumVisualStudioVersion = 10.0.40219.1
Project("{FAE04EC0-301F-11D3-BF4B-00C04F79EFBC}") = "NEGOCIO", "NEGOCIO\NEGOCIO.csproj", "{ACFBD10E-DEAB-44D5-9A90-B0B947866F12}"
EndProject
Project("{FAE04EC0-301F-11D3-BF4B-00C04F79EFBC}") = "PRESENTACION", "PRESENTACION\PRESENTACION.csproj", "{1E384229-2897-416A-9DD2-56B5B7D57F59}"
EndProject
Project("{FAE04EC0-301F-11D3-BF4B-00C04F79EFBC}") = "DATOS", "DATOS\DATOS.csproj", "{A46D7383-74FE-4EED-B8AD-09D7BE99723D}"
EndProject
Project("{FAE04EC0-301F-11D3-BF4B-00C04F79EFBC}") = "USUARIO", "USUARIO\USUARIO.csproj", "{DC922046-B397-44B2-9B4D-588062413418}"
EndProject
Global
	GlobalSection(SolutionConfigurationPlatforms) = preSolution
		Debug|Any CPU = Debug|Any CPU
		Release|Any CPU = Release|Any CPU
	EndGlobalSection
	GlobalSection(ProjectConfigurationPlatforms) = postSolution
		{ACFBD10E-DEAB-44D5-9A90-B0B947866F12}.Debug|Any CPU.ActiveCfg = Debug|Any CPU
		{ACFBD10E-DEAB-44D5-9A90-B0B947866F12}.Debug|Any CPU.Build.0 = Debug|Any CPU
		{ACFBD10E-DEAB-44D5-9A90-B0B947866F12}.Release|Any CPU.ActiveCfg = Release|Any CPU
		{ACFBD10E-DEAB-44D5-9A90-B0B947866F12}.Release|Any CPU.Build.0 = Release|Any CPU
		{1E384229-2897-416A-9DD2-56B5B7D57F59}.Debug|Any CPU.ActiveCfg = Debug|Any CPU
		{1E384229-2897-416A-9DD2-56B5B7D57F59}.Debug|Any CPU.Build.0 = Debug|Any CPU
		{1E384229-2897-416A-9DD2-56B5B7D57F59}.Release|Any CPU.ActiveCfg = Release|Any CPU
		{1E384229-2897-416A-9DD2-56B5B7D57F59}.Release|Any CPU.Build.0 = Release|Any CPU
		{A46D7383-74FE-4EED-B8AD-09D7BE99723D}.Debug|Any CPU.ActiveCfg = Debug|Any CPU
		{A46D7383-74FE-4EED-B8AD-09D7BE99723D}.Debug|Any CPU.Build.0 = Debug|Any CPU
		{A46D7383-74FE-4EED-B8AD-09D7BE99723D}.Release|Any CPU.ActiveCfg = Release|Any CPU
		{A46D7383-74FE-4EED-B8AD-09D7BE99723D}.Release|Any CPU.Build.0 = Release|Any CPU
		{DC922046-B397-44B2-9B4D-588062413418}.Debug|Any CPU.ActiveCfg = Debug|Any CPU
		{DC922046-B397-44B2-9B4D-588062413418}.Debug|Any CPU.Build.0 = Debug|Any CPU
		{DC922046-B397-44B2-9B4D-588062413418}.Release|Any CPU.ActiveCfg = Release|Any CPU
		{DC922046-B397-44B2-9B4D-588062413418}.Release|Any CPU.Build.0 = Release|Any CPU
	EndGlobalSection
	GlobalSection(SolutionProperties) = preSolution
		HideSolutionNode = FALSE
	EndGlobalSection
	GlobalSection(ExtensibilityGlobals) = postSolution
		SolutionGuid = {18D01C75-8BDD-40CF-B536-48F6EC4AAEAC}
	EndGlobalSection
EndGlobal
